
Microsoft Visual Studio Solution File, Format Version 12.00
# Visual Studio 15
VisualStudioVersion = 15.0.26228.4
MinimumVisualStudioVersion = 10.0.40219.1
Project("{FAE04EC0-301F-11D3-BF4B-00C04F79EFBC}") = "Coremero", "Coremero\Coremero.csproj", "{2B50613A-15A0-4350-85F6-F91D33769ED3}"
EndProject
Project("{FAE04EC0-301F-11D3-BF4B-00C04F79EFBC}") = "Coremero.Client.Discord", "Coremero.Client.Discord\Coremero.Client.Discord.csproj", "{F7542C58-30DD-4AC8-9C5F-BA762C154F8B}"
EndProject
Project("{FAE04EC0-301F-11D3-BF4B-00C04F79EFBC}") = "Coremero.Console", "Coremero.Console\Coremero.Console.csproj", "{514FAEF8-A8B8-44F4-9857-59BE47015C30}"
	ProjectSection(ProjectDependencies) = postProject
		{40282B08-6B4B-43A1-9901-74CB34B61328} = {40282B08-6B4B-43A1-9901-74CB34B61328}
		{0F573B0E-89F6-4BBE-8CCA-5DFA1E186481} = {0F573B0E-89F6-4BBE-8CCA-5DFA1E186481}
		{0BB1F8BE-5EAB-4169-8CDB-1298829804A8} = {0BB1F8BE-5EAB-4169-8CDB-1298829804A8}
		{6DD102EA-646F-48AA-AC71-727129CD4E98} = {6DD102EA-646F-48AA-AC71-727129CD4E98}
	EndProjectSection
EndProject
Project("{FAE04EC0-301F-11D3-BF4B-00C04F79EFBC}") = "Coremero.Plugin.Borat", "Coremero.Plugin.Borat\Coremero.Plugin.Borat.csproj", "{6DD102EA-646F-48AA-AC71-727129CD4E98}"
EndProject
Project("{FAE04EC0-301F-11D3-BF4B-00C04F79EFBC}") = "Coremero.Plugin.Classic", "Coremero.Plugin.Classic\Coremero.Plugin.Classic.csproj", "{40282B08-6B4B-43A1-9901-74CB34B61328}"
EndProject
Project("{FAE04EC0-301F-11D3-BF4B-00C04F79EFBC}") = "Coremero.Plugin.Converter", "Coremero.Plugin.Converter\Coremero.Plugin.Converter.csproj", "{0F573B0E-89F6-4BBE-8CCA-5DFA1E186481}"
EndProject
Project("{FAE04EC0-301F-11D3-BF4B-00C04F79EFBC}") = "Coremero.Plugin.Image", "Coremero.Plugin.Image\Coremero.Plugin.Image.csproj", "{0BB1F8BE-5EAB-4169-8CDB-1298829804A8}"
EndProject
Project("{FAE04EC0-301F-11D3-BF4B-00C04F79EFBC}") = "Coremero.Plugin.Playground", "Coremero.Plugin.Playground\Coremero.Plugin.Playground.csproj", "{3953AFF4-0BC8-4691-A51B-08231C05C56B}"
EndProject
Project("{FAE04EC0-301F-11D3-BF4B-00C04F79EFBC}") = "MarkovSharpNetCore", "MarkovSharpNetCore\MarkovSharpNetCore.csproj", "{26B5CF63-918B-4273-AD5F-49AD934D74D4}"
EndProject
Project("{FAE04EC0-301F-11D3-BF4B-00C04F79EFBC}") = "Coremero.Plugin.Weather", "Coremero.Plugin.Weather\Coremero.Plugin.Weather.csproj", "{E91C378C-B4DF-4159-8F00-4A4A0ACBB85D}"
EndProject
Global
	GlobalSection(SolutionConfigurationPlatforms) = preSolution
		Debug|Any CPU = Debug|Any CPU
		Debug|x64 = Debug|x64
		Debug|x86 = Debug|x86
		Release|Any CPU = Release|Any CPU
		Release|x64 = Release|x64
		Release|x86 = Release|x86
	EndGlobalSection
	GlobalSection(ProjectConfigurationPlatforms) = postSolution
		{2B50613A-15A0-4350-85F6-F91D33769ED3}.Debug|Any CPU.ActiveCfg = Debug|Any CPU
		{2B50613A-15A0-4350-85F6-F91D33769ED3}.Debug|Any CPU.Build.0 = Debug|Any CPU
		{2B50613A-15A0-4350-85F6-F91D33769ED3}.Debug|x64.ActiveCfg = Debug|Any CPU
		{2B50613A-15A0-4350-85F6-F91D33769ED3}.Debug|x64.Build.0 = Debug|Any CPU
		{2B50613A-15A0-4350-85F6-F91D33769ED3}.Debug|x86.ActiveCfg = Debug|Any CPU
		{2B50613A-15A0-4350-85F6-F91D33769ED3}.Debug|x86.Build.0 = Debug|Any CPU
		{2B50613A-15A0-4350-85F6-F91D33769ED3}.Release|Any CPU.ActiveCfg = Release|Any CPU
		{2B50613A-15A0-4350-85F6-F91D33769ED3}.Release|Any CPU.Build.0 = Release|Any CPU
		{2B50613A-15A0-4350-85F6-F91D33769ED3}.Release|x64.ActiveCfg = Release|Any CPU
		{2B50613A-15A0-4350-85F6-F91D33769ED3}.Release|x64.Build.0 = Release|Any CPU
		{2B50613A-15A0-4350-85F6-F91D33769ED3}.Release|x86.ActiveCfg = Release|Any CPU
		{2B50613A-15A0-4350-85F6-F91D33769ED3}.Release|x86.Build.0 = Release|Any CPU
		{F7542C58-30DD-4AC8-9C5F-BA762C154F8B}.Debug|Any CPU.ActiveCfg = Debug|Any CPU
		{F7542C58-30DD-4AC8-9C5F-BA762C154F8B}.Debug|Any CPU.Build.0 = Debug|Any CPU
		{F7542C58-30DD-4AC8-9C5F-BA762C154F8B}.Debug|x64.ActiveCfg = Debug|Any CPU
		{F7542C58-30DD-4AC8-9C5F-BA762C154F8B}.Debug|x64.Build.0 = Debug|Any CPU
		{F7542C58-30DD-4AC8-9C5F-BA762C154F8B}.Debug|x86.ActiveCfg = Debug|Any CPU
		{F7542C58-30DD-4AC8-9C5F-BA762C154F8B}.Debug|x86.Build.0 = Debug|Any CPU
		{F7542C58-30DD-4AC8-9C5F-BA762C154F8B}.Release|Any CPU.ActiveCfg = Release|Any CPU
		{F7542C58-30DD-4AC8-9C5F-BA762C154F8B}.Release|Any CPU.Build.0 = Release|Any CPU
		{F7542C58-30DD-4AC8-9C5F-BA762C154F8B}.Release|x64.ActiveCfg = Release|Any CPU
		{F7542C58-30DD-4AC8-9C5F-BA762C154F8B}.Release|x64.Build.0 = Release|Any CPU
		{F7542C58-30DD-4AC8-9C5F-BA762C154F8B}.Release|x86.ActiveCfg = Release|Any CPU
		{F7542C58-30DD-4AC8-9C5F-BA762C154F8B}.Release|x86.Build.0 = Release|Any CPU
		{514FAEF8-A8B8-44F4-9857-59BE47015C30}.Debug|Any CPU.ActiveCfg = Debug|Any CPU
		{514FAEF8-A8B8-44F4-9857-59BE47015C30}.Debug|Any CPU.Build.0 = Debug|Any CPU
		{514FAEF8-A8B8-44F4-9857-59BE47015C30}.Debug|x64.ActiveCfg = Debug|Any CPU
		{514FAEF8-A8B8-44F4-9857-59BE47015C30}.Debug|x64.Build.0 = Debug|Any CPU
		{514FAEF8-A8B8-44F4-9857-59BE47015C30}.Debug|x86.ActiveCfg = Debug|Any CPU
		{514FAEF8-A8B8-44F4-9857-59BE47015C30}.Debug|x86.Build.0 = Debug|Any CPU
		{514FAEF8-A8B8-44F4-9857-59BE47015C30}.Release|Any CPU.ActiveCfg = Release|Any CPU
		{514FAEF8-A8B8-44F4-9857-59BE47015C30}.Release|Any CPU.Build.0 = Release|Any CPU
		{514FAEF8-A8B8-44F4-9857-59BE47015C30}.Release|x64.ActiveCfg = Release|Any CPU
		{514FAEF8-A8B8-44F4-9857-59BE47015C30}.Release|x64.Build.0 = Release|Any CPU
		{514FAEF8-A8B8-44F4-9857-59BE47015C30}.Release|x86.ActiveCfg = Release|Any CPU
		{514FAEF8-A8B8-44F4-9857-59BE47015C30}.Release|x86.Build.0 = Release|Any CPU
		{6DD102EA-646F-48AA-AC71-727129CD4E98}.Debug|Any CPU.ActiveCfg = Debug|Any CPU
		{6DD102EA-646F-48AA-AC71-727129CD4E98}.Debug|Any CPU.Build.0 = Debug|Any CPU
		{6DD102EA-646F-48AA-AC71-727129CD4E98}.Debug|x64.ActiveCfg = Debug|Any CPU
		{6DD102EA-646F-48AA-AC71-727129CD4E98}.Debug|x64.Build.0 = Debug|Any CPU
		{6DD102EA-646F-48AA-AC71-727129CD4E98}.Debug|x86.ActiveCfg = Debug|Any CPU
		{6DD102EA-646F-48AA-AC71-727129CD4E98}.Debug|x86.Build.0 = Debug|Any CPU
		{6DD102EA-646F-48AA-AC71-727129CD4E98}.Release|Any CPU.ActiveCfg = Release|Any CPU
		{6DD102EA-646F-48AA-AC71-727129CD4E98}.Release|Any CPU.Build.0 = Release|Any CPU
		{6DD102EA-646F-48AA-AC71-727129CD4E98}.Release|x64.ActiveCfg = Release|Any CPU
		{6DD102EA-646F-48AA-AC71-727129CD4E98}.Release|x64.Build.0 = Release|Any CPU
		{6DD102EA-646F-48AA-AC71-727129CD4E98}.Release|x86.ActiveCfg = Release|Any CPU
		{6DD102EA-646F-48AA-AC71-727129CD4E98}.Release|x86.Build.0 = Release|Any CPU
		{40282B08-6B4B-43A1-9901-74CB34B61328}.Debug|Any CPU.ActiveCfg = Debug|Any CPU
		{40282B08-6B4B-43A1-9901-74CB34B61328}.Debug|Any CPU.Build.0 = Debug|Any CPU
		{40282B08-6B4B-43A1-9901-74CB34B61328}.Debug|x64.ActiveCfg = Debug|Any CPU
		{40282B08-6B4B-43A1-9901-74CB34B61328}.Debug|x64.Build.0 = Debug|Any CPU
		{40282B08-6B4B-43A1-9901-74CB34B61328}.Debug|x86.ActiveCfg = Debug|Any CPU
		{40282B08-6B4B-43A1-9901-74CB34B61328}.Debug|x86.Build.0 = Debug|Any CPU
		{40282B08-6B4B-43A1-9901-74CB34B61328}.Release|Any CPU.ActiveCfg = Release|Any CPU
		{40282B08-6B4B-43A1-9901-74CB34B61328}.Release|Any CPU.Build.0 = Release|Any CPU
		{40282B08-6B4B-43A1-9901-74CB34B61328}.Release|x64.ActiveCfg = Release|Any CPU
		{40282B08-6B4B-43A1-9901-74CB34B61328}.Release|x64.Build.0 = Release|Any CPU
		{40282B08-6B4B-43A1-9901-74CB34B61328}.Release|x86.ActiveCfg = Release|Any CPU
		{40282B08-6B4B-43A1-9901-74CB34B61328}.Release|x86.Build.0 = Release|Any CPU
		{0F573B0E-89F6-4BBE-8CCA-5DFA1E186481}.Debug|Any CPU.ActiveCfg = Debug|Any CPU
		{0F573B0E-89F6-4BBE-8CCA-5DFA1E186481}.Debug|Any CPU.Build.0 = Debug|Any CPU
		{0F573B0E-89F6-4BBE-8CCA-5DFA1E186481}.Debug|x64.ActiveCfg = Debug|Any CPU
		{0F573B0E-89F6-4BBE-8CCA-5DFA1E186481}.Debug|x64.Build.0 = Debug|Any CPU
		{0F573B0E-89F6-4BBE-8CCA-5DFA1E186481}.Debug|x86.ActiveCfg = Debug|Any CPU
		{0F573B0E-89F6-4BBE-8CCA-5DFA1E186481}.Debug|x86.Build.0 = Debug|Any CPU
		{0F573B0E-89F6-4BBE-8CCA-5DFA1E186481}.Release|Any CPU.ActiveCfg = Release|Any CPU
		{0F573B0E-89F6-4BBE-8CCA-5DFA1E186481}.Release|Any CPU.Build.0 = Release|Any CPU
		{0F573B0E-89F6-4BBE-8CCA-5DFA1E186481}.Release|x64.ActiveCfg = Release|Any CPU
		{0F573B0E-89F6-4BBE-8CCA-5DFA1E186481}.Release|x64.Build.0 = Release|Any CPU
		{0F573B0E-89F6-4BBE-8CCA-5DFA1E186481}.Release|x86.ActiveCfg = Release|Any CPU
		{0F573B0E-89F6-4BBE-8CCA-5DFA1E186481}.Release|x86.Build.0 = Release|Any CPU
		{0BB1F8BE-5EAB-4169-8CDB-1298829804A8}.Debug|Any CPU.ActiveCfg = Debug|Any CPU
		{0BB1F8BE-5EAB-4169-8CDB-1298829804A8}.Debug|Any CPU.Build.0 = Debug|Any CPU
		{0BB1F8BE-5EAB-4169-8CDB-1298829804A8}.Debug|x64.ActiveCfg = Debug|Any CPU
		{0BB1F8BE-5EAB-4169-8CDB-1298829804A8}.Debug|x64.Build.0 = Debug|Any CPU
		{0BB1F8BE-5EAB-4169-8CDB-1298829804A8}.Debug|x86.ActiveCfg = Debug|Any CPU
		{0BB1F8BE-5EAB-4169-8CDB-1298829804A8}.Debug|x86.Build.0 = Debug|Any CPU
		{0BB1F8BE-5EAB-4169-8CDB-1298829804A8}.Release|Any CPU.ActiveCfg = Release|Any CPU
		{0BB1F8BE-5EAB-4169-8CDB-1298829804A8}.Release|Any CPU.Build.0 = Release|Any CPU
		{0BB1F8BE-5EAB-4169-8CDB-1298829804A8}.Release|x64.ActiveCfg = Release|Any CPU
		{0BB1F8BE-5EAB-4169-8CDB-1298829804A8}.Release|x64.Build.0 = Release|Any CPU
		{0BB1F8BE-5EAB-4169-8CDB-1298829804A8}.Release|x86.ActiveCfg = Release|Any CPU
		{0BB1F8BE-5EAB-4169-8CDB-1298829804A8}.Release|x86.Build.0 = Release|Any CPU
		{3953AFF4-0BC8-4691-A51B-08231C05C56B}.Debug|Any CPU.ActiveCfg = Debug|Any CPU
		{3953AFF4-0BC8-4691-A51B-08231C05C56B}.Debug|Any CPU.Build.0 = Debug|Any CPU
		{3953AFF4-0BC8-4691-A51B-08231C05C56B}.Debug|x64.ActiveCfg = Debug|Any CPU
		{3953AFF4-0BC8-4691-A51B-08231C05C56B}.Debug|x64.Build.0 = Debug|Any CPU
		{3953AFF4-0BC8-4691-A51B-08231C05C56B}.Debug|x86.ActiveCfg = Debug|Any CPU
		{3953AFF4-0BC8-4691-A51B-08231C05C56B}.Debug|x86.Build.0 = Debug|Any CPU
		{3953AFF4-0BC8-4691-A51B-08231C05C56B}.Release|Any CPU.ActiveCfg = Release|Any CPU
		{3953AFF4-0BC8-4691-A51B-08231C05C56B}.Release|Any CPU.Build.0 = Release|Any CPU
		{3953AFF4-0BC8-4691-A51B-08231C05C56B}.Release|x64.ActiveCfg = Release|Any CPU
		{3953AFF4-0BC8-4691-A51B-08231C05C56B}.Release|x64.Build.0 = Release|Any CPU
		{3953AFF4-0BC8-4691-A51B-08231C05C56B}.Release|x86.ActiveCfg = Release|Any CPU
		{3953AFF4-0BC8-4691-A51B-08231C05C56B}.Release|x86.Build.0 = Release|Any CPU
		{26B5CF63-918B-4273-AD5F-49AD934D74D4}.Debug|Any CPU.ActiveCfg = Debug|Any CPU
		{26B5CF63-918B-4273-AD5F-49AD934D74D4}.Debug|Any CPU.Build.0 = Debug|Any CPU
		{26B5CF63-918B-4273-AD5F-49AD934D74D4}.Debug|x64.ActiveCfg = Debug|Any CPU
		{26B5CF63-918B-4273-AD5F-49AD934D74D4}.Debug|x64.Build.0 = Debug|Any CPU
		{26B5CF63-918B-4273-AD5F-49AD934D74D4}.Debug|x86.ActiveCfg = Debug|Any CPU
		{26B5CF63-918B-4273-AD5F-49AD934D74D4}.Debug|x86.Build.0 = Debug|Any CPU
		{26B5CF63-918B-4273-AD5F-49AD934D74D4}.Release|Any CPU.ActiveCfg = Release|Any CPU
		{26B5CF63-918B-4273-AD5F-49AD934D74D4}.Release|Any CPU.Build.0 = Release|Any CPU
		{26B5CF63-918B-4273-AD5F-49AD934D74D4}.Release|x64.ActiveCfg = Release|Any CPU
		{26B5CF63-918B-4273-AD5F-49AD934D74D4}.Release|x64.Build.0 = Release|Any CPU
		{26B5CF63-918B-4273-AD5F-49AD934D74D4}.Release|x86.ActiveCfg = Release|Any CPU
		{26B5CF63-918B-4273-AD5F-49AD934D74D4}.Release|x86.Build.0 = Release|Any CPU
		{E91C378C-B4DF-4159-8F00-4A4A0ACBB85D}.Debug|Any CPU.ActiveCfg = Debug|Any CPU
		{E91C378C-B4DF-4159-8F00-4A4A0ACBB85D}.Debug|Any CPU.Build.0 = Debug|Any CPU
		{E91C378C-B4DF-4159-8F00-4A4A0ACBB85D}.Debug|x64.ActiveCfg = Debug|Any CPU
		{E91C378C-B4DF-4159-8F00-4A4A0ACBB85D}.Debug|x64.Build.0 = Debug|Any CPU
		{E91C378C-B4DF-4159-8F00-4A4A0ACBB85D}.Debug|x86.ActiveCfg = Debug|Any CPU
		{E91C378C-B4DF-4159-8F00-4A4A0ACBB85D}.Debug|x86.Build.0 = Debug|Any CPU
		{E91C378C-B4DF-4159-8F00-4A4A0ACBB85D}.Release|Any CPU.ActiveCfg = Release|Any CPU
		{E91C378C-B4DF-4159-8F00-4A4A0ACBB85D}.Release|Any CPU.Build.0 = Release|Any CPU
		{E91C378C-B4DF-4159-8F00-4A4A0ACBB85D}.Release|x64.ActiveCfg = Release|Any CPU
		{E91C378C-B4DF-4159-8F00-4A4A0ACBB85D}.Release|x64.Build.0 = Release|Any CPU
		{E91C378C-B4DF-4159-8F00-4A4A0ACBB85D}.Release|x86.ActiveCfg = Release|Any CPU
		{E91C378C-B4DF-4159-8F00-4A4A0ACBB85D}.Release|x86.Build.0 = Release|Any CPU
	EndGlobalSection
	GlobalSection(SolutionProperties) = preSolution
		HideSolutionNode = FALSE
	EndGlobalSection
EndGlobal
